
Microsoft Visual Studio Solution File, Format Version 12.00
# Visual Studio Version 17
VisualStudioVersion = 17.7.34009.444
MinimumVisualStudioVersion = 10.0.40219.1
Project("{FAE04EC0-301F-11D3-BF4B-00C04F79EFBC}") = "LambdaPracticeProblem", "LambdaPracticeProblem\LambdaPracticeProblem.csproj", "{3691F6B4-A2D3-483E-A63A-8982D5439ACD}"
EndProject
Global
	GlobalSection(SolutionConfigurationPlatforms) = preSolution
		Debug|Any CPU = Debug|Any CPU
		Release|Any CPU = Release|Any CPU
	EndGlobalSection
	GlobalSection(ProjectConfigurationPlatforms) = postSolution
		{3691F6B4-A2D3-483E-A63A-8982D5439ACD}.Debug|Any CPU.ActiveCfg = Debug|Any CPU
		{3691F6B4-A2D3-483E-A63A-8982D5439ACD}.Debug|Any CPU.Build.0 = Debug|Any CPU
		{3691F6B4-A2D3-483E-A63A-8982D5439ACD}.Release|Any CPU.ActiveCfg = Release|Any CPU
		{3691F6B4-A2D3-483E-A63A-8982D5439ACD}.Release|Any CPU.Build.0 = Release|Any CPU
	EndGlobalSection
	GlobalSection(SolutionProperties) = preSolution
		HideSolutionNode = FALSE
	EndGlobalSection
	GlobalSection(ExtensibilityGlobals) = postSolution
		SolutionGuid = {71C6B96E-6405-4F5C-AF6B-B6133AAD8BB8}
	EndGlobalSection
EndGlobal
